
Microsoft Visual Studio Solution File, Format Version 12.00
# Visual Studio 15
VisualStudioVersion = 15.0.25920.0
MinimumVisualStudioVersion = 10.0.40219.1
Project("{2150E333-8FDC-42A3-9474-1A3956D46DE8}") = "src", "src", "{FFFA2C4B-1C22-49A9-BCDB-43D9D915E291}"
EndProject
Project("{FAE04EC0-301F-11D3-BF4B-00C04F79EFBC}") = "WebApp", "src\WebApp\WebApp.csproj", "{E6AB45AC-B4D1-4226-8C9C-66F8A35B7E48}"
EndProject
Project("{2150E333-8FDC-42A3-9474-1A3956D46DE8}") = "Solution Items", "Solution Items", "{2A03FF7B-A851-4B85-BEC6-F8EDEC41B55E}"
	ProjectSection(SolutionItems) = preProject
		docker-compose.ci.build.yml = docker-compose.ci.build.yml
	EndProjectSection
EndProject
Global
	GlobalSection(SolutionConfigurationPlatforms) = preSolution
		Debug|Any CPU = Debug|Any CPU
		Release|Any CPU = Release|Any CPU
	EndGlobalSection
	GlobalSection(ProjectConfigurationPlatforms) = postSolution
		{E6AB45AC-B4D1-4226-8C9C-66F8A35B7E48}.Debug|Any CPU.ActiveCfg = Debug|Any CPU
		{E6AB45AC-B4D1-4226-8C9C-66F8A35B7E48}.Debug|Any CPU.Build.0 = Debug|Any CPU
		{E6AB45AC-B4D1-4226-8C9C-66F8A35B7E48}.Release|Any CPU.ActiveCfg = Release|Any CPU
		{E6AB45AC-B4D1-4226-8C9C-66F8A35B7E48}.Release|Any CPU.Build.0 = Release|Any CPU
	EndGlobalSection
	GlobalSection(SolutionProperties) = preSolution
		HideSolutionNode = FALSE
	EndGlobalSection
	GlobalSection(NestedProjects) = preSolution
		{E6AB45AC-B4D1-4226-8C9C-66F8A35B7E48} = {FFFA2C4B-1C22-49A9-BCDB-43D9D915E291}
	EndGlobalSection
EndGlobal
